
Microsoft Visual Studio Solution File, Format Version 12.00
# Visual Studio 15
Project("{FAE04EC0-301F-11D3-BF4B-00C04F79EFBC}") = "UnityEngine.UI", "UnityEngine.UI.csproj", "{954924FC-7882-6DF0-00DC-5A9657012E2C}"
EndProject
Project("{FAE04EC0-301F-11D3-BF4B-00C04F79EFBC}") = "UnityEngine.TestRunner", "UnityEngine.TestRunner.csproj", "{F2DDFF19-F63A-01CB-DC2A-E38624ACA445}"
EndProject
Project("{FAE04EC0-301F-11D3-BF4B-00C04F79EFBC}") = "Unity.Timeline", "Unity.Timeline.csproj", "{F0D350A6-7583-72AC-EEA5-D273412909BF}"
EndProject
Project("{FAE04EC0-301F-11D3-BF4B-00C04F79EFBC}") = "Assembly-CSharp", "Assembly-CSharp.csproj", "{B3AF31EC-A24B-61DB-F2F2-AC2579EB55ED}"
EndProject
Project("{FAE04EC0-301F-11D3-BF4B-00C04F79EFBC}") = "Unity.TextMeshPro", "Unity.TextMeshPro.csproj", "{570D3F9B-8E00-8B78-E3EE-CB6EB77AF2B5}"
EndProject
Project("{FAE04EC0-301F-11D3-BF4B-00C04F79EFBC}") = "UnityEditor.TestRunner", "UnityEditor.TestRunner.csproj", "{7545F3E6-1B4A-C816-2CFE-667197F77DCA}"
EndProject
Project("{FAE04EC0-301F-11D3-BF4B-00C04F79EFBC}") = "Unity.PlasticSCM.Editor", "Unity.PlasticSCM.Editor.csproj", "{A197613E-0468-6EA5-50CD-B5398BF7C9E5}"
EndProject
Project("{FAE04EC0-301F-11D3-BF4B-00C04F79EFBC}") = "UnityEditor.UI", "UnityEditor.UI.csproj", "{690C3A7C-1A22-0FB9-F388-4D7A82FABAB9}"
EndProject
Project("{FAE04EC0-301F-11D3-BF4B-00C04F79EFBC}") = "Unity.Services.Core.Editor", "Unity.Services.Core.Editor.csproj", "{3749EAC4-0BEF-CA03-CE5C-5E1A5E3D0E2D}"
EndProject
Project("{FAE04EC0-301F-11D3-BF4B-00C04F79EFBC}") = "Unity.Timeline.Editor", "Unity.Timeline.Editor.csproj", "{7321DE03-13AD-0D5B-4786-E08F3C4907CA}"
EndProject
Project("{FAE04EC0-301F-11D3-BF4B-00C04F79EFBC}") = "Unity.VisualStudio.Editor", "Unity.VisualStudio.Editor.csproj", "{D08F2C6E-1A5F-E213-84A0-F214B4D616D0}"
EndProject
Project("{FAE04EC0-301F-11D3-BF4B-00C04F79EFBC}") = "Unity.TextMeshPro.Editor", "Unity.TextMeshPro.Editor.csproj", "{E716AED5-4350-6418-3842-180C2F455919}"
EndProject
Project("{FAE04EC0-301F-11D3-BF4B-00C04F79EFBC}") = "Unity.CollabProxy.Editor", "Unity.CollabProxy.Editor.csproj", "{169E6486-3244-E043-DE70-3819E3D6376C}"
EndProject
Project("{FAE04EC0-301F-11D3-BF4B-00C04F79EFBC}") = "Unity.Rider.Editor", "Unity.Rider.Editor.csproj", "{12042924-7462-5B6E-69B9-B735E5BA7400}"
EndProject
Project("{FAE04EC0-301F-11D3-BF4B-00C04F79EFBC}") = "Unity.VSCode.Editor", "Unity.VSCode.Editor.csproj", "{D6A486F7-026A-1CD7-A1AE-AED3F3DD4A15}"
EndProject
Global
	GlobalSection(SolutionConfigurationPlatforms) = preSolution
		Debug|Any CPU = Debug|Any CPU
		Release|Any CPU = Release|Any CPU
	EndGlobalSection
	GlobalSection(ProjectConfigurationPlatforms) = postSolution
		{954924FC-7882-6DF0-00DC-5A9657012E2C}.Debug|Any CPU.ActiveCfg = Debug|Any CPU
		{954924FC-7882-6DF0-00DC-5A9657012E2C}.Debug|Any CPU.Build.0 = Debug|Any CPU
		{954924FC-7882-6DF0-00DC-5A9657012E2C}.Release|Any CPU.ActiveCfg = Release|Any CPU
		{954924FC-7882-6DF0-00DC-5A9657012E2C}.Release|Any CPU.Build.0 = Release|Any CPU
		{F2DDFF19-F63A-01CB-DC2A-E38624ACA445}.Debug|Any CPU.ActiveCfg = Debug|Any CPU
		{F2DDFF19-F63A-01CB-DC2A-E38624ACA445}.Debug|Any CPU.Build.0 = Debug|Any CPU
		{F2DDFF19-F63A-01CB-DC2A-E38624ACA445}.Release|Any CPU.ActiveCfg = Release|Any CPU
		{F2DDFF19-F63A-01CB-DC2A-E38624ACA445}.Release|Any CPU.Build.0 = Release|Any CPU
		{F0D350A6-7583-72AC-EEA5-D273412909BF}.Debug|Any CPU.ActiveCfg = Debug|Any CPU
		{F0D350A6-7583-72AC-EEA5-D273412909BF}.Debug|Any CPU.Build.0 = Debug|Any CPU
		{F0D350A6-7583-72AC-EEA5-D273412909BF}.Release|Any CPU.ActiveCfg = Release|Any CPU
		{F0D350A6-7583-72AC-EEA5-D273412909BF}.Release|Any CPU.Build.0 = Release|Any CPU
		{B3AF31EC-A24B-61DB-F2F2-AC2579EB55ED}.Debug|Any CPU.ActiveCfg = Debug|Any CPU
		{B3AF31EC-A24B-61DB-F2F2-AC2579EB55ED}.Debug|Any CPU.Build.0 = Debug|Any CPU
		{B3AF31EC-A24B-61DB-F2F2-AC2579EB55ED}.Release|Any CPU.ActiveCfg = Release|Any CPU
		{B3AF31EC-A24B-61DB-F2F2-AC2579EB55ED}.Release|Any CPU.Build.0 = Release|Any CPU
		{570D3F9B-8E00-8B78-E3EE-CB6EB77AF2B5}.Debug|Any CPU.ActiveCfg = Debug|Any CPU
		{570D3F9B-8E00-8B78-E3EE-CB6EB77AF2B5}.Debug|Any CPU.Build.0 = Debug|Any CPU
		{570D3F9B-8E00-8B78-E3EE-CB6EB77AF2B5}.Release|Any CPU.ActiveCfg = Release|Any CPU
		{570D3F9B-8E00-8B78-E3EE-CB6EB77AF2B5}.Release|Any CPU.Build.0 = Release|Any CPU
		{7545F3E6-1B4A-C816-2CFE-667197F77DCA}.Debug|Any CPU.ActiveCfg = Debug|Any CPU
		{7545F3E6-1B4A-C816-2CFE-667197F77DCA}.Debug|Any CPU.Build.0 = Debug|Any CPU
		{7545F3E6-1B4A-C816-2CFE-667197F77DCA}.Release|Any CPU.ActiveCfg = Release|Any CPU
		{7545F3E6-1B4A-C816-2CFE-667197F77DCA}.Release|Any CPU.Build.0 = Release|Any CPU
		{A197613E-0468-6EA5-50CD-B5398BF7C9E5}.Debug|Any CPU.ActiveCfg = Debug|Any CPU
		{A197613E-0468-6EA5-50CD-B5398BF7C9E5}.Debug|Any CPU.Build.0 = Debug|Any CPU
		{A197613E-0468-6EA5-50CD-B5398BF7C9E5}.Release|Any CPU.ActiveCfg = Release|Any CPU
		{A197613E-0468-6EA5-50CD-B5398BF7C9E5}.Release|Any CPU.Build.0 = Release|Any CPU
		{690C3A7C-1A22-0FB9-F388-4D7A82FABAB9}.Debug|Any CPU.ActiveCfg = Debug|Any CPU
		{690C3A7C-1A22-0FB9-F388-4D7A82FABAB9}.Debug|Any CPU.Build.0 = Debug|Any CPU
		{690C3A7C-1A22-0FB9-F388-4D7A82FABAB9}.Release|Any CPU.ActiveCfg = Release|Any CPU
		{690C3A7C-1A22-0FB9-F388-4D7A82FABAB9}.Release|Any CPU.Build.0 = Release|Any CPU
		{3749EAC4-0BEF-CA03-CE5C-5E1A5E3D0E2D}.Debug|Any CPU.ActiveCfg = Debug|Any CPU
		{3749EAC4-0BEF-CA03-CE5C-5E1A5E3D0E2D}.Debug|Any CPU.Build.0 = Debug|Any CPU
		{3749EAC4-0BEF-CA03-CE5C-5E1A5E3D0E2D}.Release|Any CPU.ActiveCfg = Release|Any CPU
		{3749EAC4-0BEF-CA03-CE5C-5E1A5E3D0E2D}.Release|Any CPU.Build.0 = Release|Any CPU
		{7321DE03-13AD-0D5B-4786-E08F3C4907CA}.Debug|Any CPU.ActiveCfg = Debug|Any CPU
		{7321DE03-13AD-0D5B-4786-E08F3C4907CA}.Debug|Any CPU.Build.0 = Debug|Any CPU
		{7321DE03-13AD-0D5B-4786-E08F3C4907CA}.Release|Any CPU.ActiveCfg = Release|Any CPU
		{7321DE03-13AD-0D5B-4786-E08F3C4907CA}.Release|Any CPU.Build.0 = Release|Any CPU
		{D08F2C6E-1A5F-E213-84A0-F214B4D616D0}.Debug|Any CPU.ActiveCfg = Debug|Any CPU
		{D08F2C6E-1A5F-E213-84A0-F214B4D616D0}.Debug|Any CPU.Build.0 = Debug|Any CPU
		{D08F2C6E-1A5F-E213-84A0-F214B4D616D0}.Release|Any CPU.ActiveCfg = Release|Any CPU
		{D08F2C6E-1A5F-E213-84A0-F214B4D616D0}.Release|Any CPU.Build.0 = Release|Any CPU
		{E716AED5-4350-6418-3842-180C2F455919}.Debug|Any CPU.ActiveCfg = Debug|Any CPU
		{E716AED5-4350-6418-3842-180C2F455919}.Debug|Any CPU.Build.0 = Debug|Any CPU
		{E716AED5-4350-6418-3842-180C2F455919}.Release|Any CPU.ActiveCfg = Release|Any CPU
		{E716AED5-4350-6418-3842-180C2F455919}.Release|Any CPU.Build.0 = Release|Any CPU
		{169E6486-3244-E043-DE70-3819E3D6376C}.Debug|Any CPU.ActiveCfg = Debug|Any CPU
		{169E6486-3244-E043-DE70-3819E3D6376C}.Debug|Any CPU.Build.0 = Debug|Any CPU
		{169E6486-3244-E043-DE70-3819E3D6376C}.Release|Any CPU.ActiveCfg = Release|Any CPU
		{169E6486-3244-E043-DE70-3819E3D6376C}.Release|Any CPU.Build.0 = Release|Any CPU
		{12042924-7462-5B6E-69B9-B735E5BA7400}.Debug|Any CPU.ActiveCfg = Debug|Any CPU
		{12042924-7462-5B6E-69B9-B735E5BA7400}.Debug|Any CPU.Build.0 = Debug|Any CPU
		{12042924-7462-5B6E-69B9-B735E5BA7400}.Release|Any CPU.ActiveCfg = Release|Any CPU
		{12042924-7462-5B6E-69B9-B735E5BA7400}.Release|Any CPU.Build.0 = Release|Any CPU
		{D6A486F7-026A-1CD7-A1AE-AED3F3DD4A15}.Debug|Any CPU.ActiveCfg = Debug|Any CPU
		{D6A486F7-026A-1CD7-A1AE-AED3F3DD4A15}.Debug|Any CPU.Build.0 = Debug|Any CPU
		{D6A486F7-026A-1CD7-A1AE-AED3F3DD4A15}.Release|Any CPU.ActiveCfg = Release|Any CPU
		{D6A486F7-026A-1CD7-A1AE-AED3F3DD4A15}.Release|Any CPU.Build.0 = Release|Any CPU
	EndGlobalSection
	GlobalSection(SolutionProperties) = preSolution
		HideSolutionNode = FALSE
	EndGlobalSection
EndGlobal
